// !$*UTF8*$!
{
	archiveVersion = 1;
	classes = {
	};
	objectVersion = 48;
	objects = {

/* Begin PBXBuildFile section */
		EA005BC72085B3B900FF0831 /* EnterViewController.swift in Sources */ = {isa = PBXBuildFile; fileRef = EA005BC62085B3B900FF0831 /* EnterViewController.swift */; };
		EA005BC92085B3D500FF0831 /* MenuViewController.swift in Sources */ = {isa = PBXBuildFile; fileRef = EA005BC82085B3D500FF0831 /* MenuViewController.swift */; };
		EA005BCB2085B46E00FF0831 /* WorkerInfoViewController.swift in Sources */ = {isa = PBXBuildFile; fileRef = EA005BCA2085B46E00FF0831 /* WorkerInfoViewController.swift */; };
		EA005BCD2085B49800FF0831 /* TimelineEnterViewController.swift in Sources */ = {isa = PBXBuildFile; fileRef = EA005BCC2085B49800FF0831 /* TimelineEnterViewController.swift */; };
		EA005BCF2085B4BC00FF0831 /* RequestInfoViewController.swift in Sources */ = {isa = PBXBuildFile; fileRef = EA005BCE2085B4BC00FF0831 /* RequestInfoViewController.swift */; };
		EA005BD52085C0A600FF0831 /* TimelineTableViewController.swift in Sources */ = {isa = PBXBuildFile; fileRef = EA005BD42085C0A600FF0831 /* TimelineTableViewController.swift */; };
		EA005BD72085C0B300FF0831 /* WorkersTableViewController.swift in Sources */ = {isa = PBXBuildFile; fileRef = EA005BD62085C0B300FF0831 /* WorkersTableViewController.swift */; };
		EA005BD92085C0BF00FF0831 /* RequestsTableViewController.swift in Sources */ = {isa = PBXBuildFile; fileRef = EA005BD82085C0BF00FF0831 /* RequestsTableViewController.swift */; };
		EA005BDF2086102100FF0831 /* TimelineCell.swift in Sources */ = {isa = PBXBuildFile; fileRef = EA005BDE2086102100FF0831 /* TimelineCell.swift */; };
		EA005BE12086104700FF0831 /* WorkersCell.swift in Sources */ = {isa = PBXBuildFile; fileRef = EA005BE02086104700FF0831 /* WorkersCell.swift */; };
		EA005BE32086106500FF0831 /* RequestsCell.swift in Sources */ = {isa = PBXBuildFile; fileRef = EA005BE22086106500FF0831 /* RequestsCell.swift */; };
		EA143016203B0E57008D57CE /* AppDelegate.swift in Sources */ = {isa = PBXBuildFile; fileRef = EA143015203B0E57008D57CE /* AppDelegate.swift */; };
		EA14301B203B0E57008D57CE /* Main.storyboard in Resources */ = {isa = PBXBuildFile; fileRef = EA143019203B0E57008D57CE /* Main.storyboard */; };
		EA14301E203B0E57008D57CE /* Manager.xcdatamodeld in Sources */ = {isa = PBXBuildFile; fileRef = EA14301C203B0E57008D57CE /* Manager.xcdatamodeld */; };
		EA143020203B0E57008D57CE /* Assets.xcassets in Resources */ = {isa = PBXBuildFile; fileRef = EA14301F203B0E57008D57CE /* Assets.xcassets */; };
		EA143023203B0E57008D57CE /* LaunchScreen.storyboard in Resources */ = {isa = PBXBuildFile; fileRef = EA143021203B0E57008D57CE /* LaunchScreen.storyboard */; };
		EA4A1E3B20E4AF0500105E17 /* ExtensionUIViewController.swift in Sources */ = {isa = PBXBuildFile; fileRef = EA4A1E3920E4AF0400105E17 /* ExtensionUIViewController.swift */; };
		EA4A1E3C20E4AF0500105E17 /* WorkerClass.swift in Sources */ = {isa = PBXBuildFile; fileRef = EA4A1E3A20E4AF0400105E17 /* WorkerClass.swift */; };
/* End PBXBuildFile section */

/* Begin PBXFileReference section */
		EA005BC62085B3B900FF0831 /* EnterViewController.swift */ = {isa = PBXFileReference; lastKnownFileType = sourcecode.swift; path = EnterViewController.swift; sourceTree = "<group>"; };
		EA005BC82085B3D500FF0831 /* MenuViewController.swift */ = {isa = PBXFileReference; lastKnownFileType = sourcecode.swift; path = MenuViewController.swift; sourceTree = "<group>"; };
		EA005BCA2085B46E00FF0831 /* WorkerInfoViewController.swift */ = {isa = PBXFileReference; lastKnownFileType = sourcecode.swift; path = WorkerInfoViewController.swift; sourceTree = "<group>"; };
		EA005BCC2085B49800FF0831 /* TimelineEnterViewController.swift */ = {isa = PBXFileReference; lastKnownFileType = sourcecode.swift; path = TimelineEnterViewController.swift; sourceTree = "<group>"; };
		EA005BCE2085B4BC00FF0831 /* RequestInfoViewController.swift */ = {isa = PBXFileReference; lastKnownFileType = sourcecode.swift; path = RequestInfoViewController.swift; sourceTree = "<group>"; };
		EA005BD42085C0A600FF0831 /* TimelineTableViewController.swift */ = {isa = PBXFileReference; lastKnownFileType = sourcecode.swift; path = TimelineTableViewController.swift; sourceTree = "<group>"; };
		EA005BD62085C0B300FF0831 /* WorkersTableViewController.swift */ = {isa = PBXFileReference; lastKnownFileType = sourcecode.swift; path = WorkersTableViewController.swift; sourceTree = "<group>"; };
		EA005BD82085C0BF00FF0831 /* RequestsTableViewController.swift */ = {isa = PBXFileReference; lastKnownFileType = sourcecode.swift; path = RequestsTableViewController.swift; sourceTree = "<group>"; };
		EA005BDE2086102100FF0831 /* TimelineCell.swift */ = {isa = PBXFileReference; lastKnownFileType = sourcecode.swift; path = TimelineCell.swift; sourceTree = "<group>"; };
		EA005BE02086104700FF0831 /* WorkersCell.swift */ = {isa = PBXFileReference; lastKnownFileType = sourcecode.swift; path = WorkersCell.swift; sourceTree = "<group>"; };
		EA005BE22086106500FF0831 /* RequestsCell.swift */ = {isa = PBXFileReference; lastKnownFileType = sourcecode.swift; path = RequestsCell.swift; sourceTree = "<group>"; };
		EA143012203B0E57008D57CE /* Manager.app */ = {isa = PBXFileReference; explicitFileType = wrapper.application; includeInIndex = 0; path = Manager.app; sourceTree = BUILT_PRODUCTS_DIR; };
		EA143015203B0E57008D57CE /* AppDelegate.swift */ = {isa = PBXFileReference; lastKnownFileType = sourcecode.swift; path = AppDelegate.swift; sourceTree = "<group>"; };
		EA14301A203B0E57008D57CE /* Base */ = {isa = PBXFileReference; lastKnownFileType = file.storyboard; name = Base; path = Base.lproj/Main.storyboard; sourceTree = "<group>"; };
		EA14301D203B0E57008D57CE /* Manager.xcdatamodel */ = {isa = PBXFileReference; lastKnownFileType = wrapper.xcdatamodel; path = Manager.xcdatamodel; sourceTree = "<group>"; };
		EA14301F203B0E57008D57CE /* Assets.xcassets */ = {isa = PBXFileReference; lastKnownFileType = folder.assetcatalog; path = Assets.xcassets; sourceTree = "<group>"; };
		EA143022203B0E57008D57CE /* Base */ = {isa = PBXFileReference; lastKnownFileType = file.storyboard; name = Base; path = Base.lproj/LaunchScreen.storyboard; sourceTree = "<group>"; };
		EA143024203B0E57008D57CE /* Info.plist */ = {isa = PBXFileReference; lastKnownFileType = text.plist.xml; path = Info.plist; sourceTree = "<group>"; };
		EA4A1E3920E4AF0400105E17 /* ExtensionUIViewController.swift */ = {isa = PBXFileReference; fileEncoding = 4; lastKnownFileType = sourcecode.swift; path = ExtensionUIViewController.swift; sourceTree = "<group>"; };
		EA4A1E3A20E4AF0400105E17 /* WorkerClass.swift */ = {isa = PBXFileReference; fileEncoding = 4; lastKnownFileType = sourcecode.swift; path = WorkerClass.swift; sourceTree = "<group>"; };
/* End PBXFileReference section */

/* Begin PBXFrameworksBuildPhase section */
		EA14300F203B0E57008D57CE /* Frameworks */ = {
			isa = PBXFrameworksBuildPhase;
			buildActionMask = 2147483647;
			files = (
			);
			runOnlyForDeploymentPostprocessing = 0;
		};
/* End PBXFrameworksBuildPhase section */

/* Begin PBXGroup section */
		EA005BE42086109500FF0831 /* View */ = {
			isa = PBXGroup;
			children = (
				EA005BC62085B3B900FF0831 /* EnterViewController.swift */,
				EA005BC82085B3D500FF0831 /* MenuViewController.swift */,
				EA005BCA2085B46E00FF0831 /* WorkerInfoViewController.swift */,
				EA005BCC2085B49800FF0831 /* TimelineEnterViewController.swift */,
				EA005BCE2085B4BC00FF0831 /* RequestInfoViewController.swift */,
			);
			path = View;
			sourceTree = "<group>";
		};
		EA005BE5208610D400FF0831 /* TableView */ = {
			isa = PBXGroup;
			children = (
				EA005BD42085C0A600FF0831 /* TimelineTableViewController.swift */,
				EA005BD62085C0B300FF0831 /* WorkersTableViewController.swift */,
				EA005BD82085C0BF00FF0831 /* RequestsTableViewController.swift */,
				EA005BE6208610F200FF0831 /* Cell */,
			);
			path = TableView;
			sourceTree = "<group>";
		};
		EA005BE6208610F200FF0831 /* Cell */ = {
			isa = PBXGroup;
			children = (
				EA005BE22086106500FF0831 /* RequestsCell.swift */,
				EA005BE02086104700FF0831 /* WorkersCell.swift */,
				EA005BDE2086102100FF0831 /* TimelineCell.swift */,
			);
			path = Cell;
			sourceTree = "<group>";
		};
		EA143009203B0E57008D57CE = {
			isa = PBXGroup;
			children = (
				EA143014203B0E57008D57CE /* Manager */,
				EA143013203B0E57008D57CE /* Products */,
			);
			sourceTree = "<group>";
		};
		EA143013203B0E57008D57CE /* Products */ = {
			isa = PBXGroup;
			children = (
				EA143012203B0E57008D57CE /* Manager.app */,
			);
			name = Products;
			sourceTree = "<group>";
		};
		EA143014203B0E57008D57CE /* Manager */ = {
			isa = PBXGroup;
			children = (
				EA143015203B0E57008D57CE /* AppDelegate.swift */,
				EA4A1E3820E4AF0400105E17 /* Custom */,
				EA005BE42086109500FF0831 /* View */,
				EA005BE5208610D400FF0831 /* TableView */,
				EA143019203B0E57008D57CE /* Main.storyboard */,
				EA14301F203B0E57008D57CE /* Assets.xcassets */,
				EA143021203B0E57008D57CE /* LaunchScreen.storyboard */,
				EA143024203B0E57008D57CE /* Info.plist */,
				EA14301C203B0E57008D57CE /* Manager.xcdatamodeld */,
			);
			path = Manager;
			sourceTree = "<group>";
		};
		EA4A1E3820E4AF0400105E17 /* Custom */ = {
			isa = PBXGroup;
			children = (
				EA4A1E3920E4AF0400105E17 /* ExtensionUIViewController.swift */,
				EA4A1E3A20E4AF0400105E17 /* WorkerClass.swift */,
			);
			name = Custom;
			path = ../../Worker/Worker/Custom;
			sourceTree = "<group>";
		};
/* End PBXGroup section */

/* Begin PBXNativeTarget section */
		EA143011203B0E57008D57CE /* Manager */ = {
			isa = PBXNativeTarget;
			buildConfigurationList = EA143027203B0E57008D57CE /* Build configuration list for PBXNativeTarget "Manager" */;
			buildPhases = (
				EA14300E203B0E57008D57CE /* Sources */,
				EA14300F203B0E57008D57CE /* Frameworks */,
				EA143010203B0E57008D57CE /* Resources */,
			);
			buildRules = (
			);
			dependencies = (
			);
			name = Manager;
			productName = Manager;
			productReference = EA143012203B0E57008D57CE /* Manager.app */;
			productType = "com.apple.product-type.application";
		};
/* End PBXNativeTarget section */

/* Begin PBXProject section */
		EA14300A203B0E57008D57CE /* Project object */ = {
			isa = PBXProject;
			attributes = {
				LastSwiftUpdateCheck = 0920;
				LastUpgradeCheck = 0920;
				ORGANIZATIONNAME = "TONY COMPANY";
				TargetAttributes = {
					EA143011203B0E57008D57CE = {
						CreatedOnToolsVersion = 9.2;
						ProvisioningStyle = Automatic;
					};
				};
			};
			buildConfigurationList = EA14300D203B0E57008D57CE /* Build configuration list for PBXProject "Manager" */;
			compatibilityVersion = "Xcode 8.0";
			developmentRegion = en;
			hasScannedForEncodings = 0;
			knownRegions = (
				en,
				Base,
			);
			mainGroup = EA143009203B0E57008D57CE;
			productRefGroup = EA143013203B0E57008D57CE /* Products */;
			projectDirPath = "";
			projectRoot = "";
			targets = (
				EA143011203B0E57008D57CE /* Manager */,
			);
		};
/* End PBXProject section */

/* Begin PBXResourcesBuildPhase section */
		EA143010203B0E57008D57CE /* Resources */ = {
			isa = PBXResourcesBuildPhase;
			buildActionMask = 2147483647;
			files = (
				EA143023203B0E57008D57CE /* LaunchScreen.storyboard in Resources */,
				EA143020203B0E57008D57CE /* Assets.xcassets in Resources */,
				EA14301B203B0E57008D57CE /* Main.storyboard in Resources */,
			);
			runOnlyForDeploymentPostprocessing = 0;
		};
/* End PBXResourcesBuildPhase section */

/* Begin PBXSourcesBuildPhase section */
		EA14300E203B0E57008D57CE /* Sources */ = {
			isa = PBXSourcesBuildPhase;
			buildActionMask = 2147483647;
			files = (
				EA005BC92085B3D500FF0831 /* MenuViewController.swift in Sources */,
				EA005BC72085B3B900FF0831 /* EnterViewController.swift in Sources */,
				EA4A1E3C20E4AF0500105E17 /* WorkerClass.swift in Sources */,
				EA005BE32086106500FF0831 /* RequestsCell.swift in Sources */,
				EA143016203B0E57008D57CE /* AppDelegate.swift in Sources */,
				EA005BCF2085B4BC00FF0831 /* RequestInfoViewController.swift in Sources */,
				EA005BD72085C0B300FF0831 /* WorkersTableViewController.swift in Sources */,
				EA4A1E3B20E4AF0500105E17 /* ExtensionUIViewController.swift in Sources */,
				EA005BE12086104700FF0831 /* WorkersCell.swift in Sources */,
				EA005BDF2086102100FF0831 /* TimelineCell.swift in Sources */,
				EA005BD92085C0BF00FF0831 /* RequestsTableViewController.swift in Sources */,
				EA005BCB2085B46E00FF0831 /* WorkerInfoViewController.swift in Sources */,
				EA005BCD2085B49800FF0831 /* TimelineEnterViewController.swift in Sources */,
				EA005BD52085C0A600FF0831 /* TimelineTableViewController.swift in Sources */,
				EA14301E203B0E57008D57CE /* Manager.xcdatamodeld in Sources */,
			);
			runOnlyForDeploymentPostprocessing = 0;
		};
/* End PBXSourcesBuildPhase section */

/* Begin PBXVariantGroup section */
		EA143019203B0E57008D57CE /* Main.storyboard */ = {
			isa = PBXVariantGroup;
			children = (
				EA14301A203B0E57008D57CE /* Base */,
			);
			name = Main.storyboard;
			sourceTree = "<group>";
		};
		EA143021203B0E57008D57CE /* LaunchScreen.storyboard */ = {
			isa = PBXVariantGroup;
			children = (
				EA143022203B0E57008D57CE /* Base */,
			);
			name = LaunchScreen.storyboard;
			sourceTree = "<group>";
		};
/* End PBXVariantGroup section */

/* Begin XCBuildConfiguration section */
		EA143025203B0E57008D57CE /* Debug */ = {
			isa = XCBuildConfiguration;
			buildSettings = {
				ALWAYS_SEARCH_USER_PATHS = NO;
				CLANG_ANALYZER_NONNULL = YES;
				CLANG_ANALYZER_NUMBER_OBJECT_CONVERSION = YES_AGGRESSIVE;
				CLANG_CXX_LANGUAGE_STANDARD = "gnu++14";
				CLANG_CXX_LIBRARY = "libc++";
				CLANG_ENABLE_MODULES = YES;
				CLANG_ENABLE_OBJC_ARC = YES;
				CLANG_WARN_BLOCK_CAPTURE_AUTORELEASING = YES;
				CLANG_WARN_BOOL_CONVERSION = YES;
				CLANG_WARN_COMMA = YES;
				CLANG_WARN_CONSTANT_CONVERSION = YES;
				CLANG_WARN_DIRECT_OBJC_ISA_USAGE = YES_ERROR;
				CLANG_WARN_DOCUMENTATION_COMMENTS = YES;
				CLANG_WARN_EMPTY_BODY = YES;
				CLANG_WARN_ENUM_CONVERSION = YES;
				CLANG_WARN_INFINITE_RECURSION = YES;
				CLANG_WARN_INT_CONVERSION = YES;
				CLANG_WARN_NON_LITERAL_NULL_CONVERSION = YES;
				CLANG_WARN_OBJC_LITERAL_CONVERSION = YES;
				CLANG_WARN_OBJC_ROOT_CLASS = YES_ERROR;
				CLANG_WARN_RANGE_LOOP_ANALYSIS = YES;
				CLANG_WARN_STRICT_PROTOTYPES = YES;
				CLANG_WARN_SUSPICIOUS_MOVE = YES;
				CLANG_WARN_UNGUARDED_AVAILABILITY = YES_AGGRESSIVE;
				CLANG_WARN_UNREACHABLE_CODE = YES;
				CLANG_WARN__DUPLICATE_METHOD_MATCH = YES;
				CODE_SIGN_IDENTITY = "iPhone Developer";
				COPY_PHASE_STRIP = NO;
				DEBUG_INFORMATION_FORMAT = dwarf;
				ENABLE_STRICT_OBJC_MSGSEND = YES;
				ENABLE_TESTABILITY = YES;
				GCC_C_LANGUAGE_STANDARD = gnu11;
				GCC_DYNAMIC_NO_PIC = NO;
				GCC_NO_COMMON_BLOCKS = YES;
				GCC_OPTIMIZATION_LEVEL = 0;
				GCC_PREPROCESSOR_DEFINITIONS = (
					"DEBUG=1",
					"$(inherited)",
				);
				GCC_WARN_64_TO_32_BIT_CONVERSION = YES;
				GCC_WARN_ABOUT_RETURN_TYPE = YES_ERROR;
				GCC_WARN_UNDECLARED_SELECTOR = YES;
				GCC_WARN_UNINITIALIZED_AUTOS = YES_AGGRESSIVE;
				GCC_WARN_UNUSED_FUNCTION = YES;
				GCC_WARN_UNUSED_VARIABLE = YES;
				IPHONEOS_DEPLOYMENT_TARGET = 11.2;
				MTL_ENABLE_DEBUG_INFO = YES;
				ONLY_ACTIVE_ARCH = YES;
				SDKROOT = iphoneos;
				SWIFT_ACTIVE_COMPILATION_CONDITIONS = DEBUG;
				SWIFT_OPTIMIZATION_LEVEL = "-Onone";
			};
			name = Debug;
		};
		EA143026203B0E57008D57CE /* Release */ = {
			isa = XCBuildConfiguration;
			buildSettings = {
				ALWAYS_SEARCH_USER_PATHS = NO;
				CLANG_ANALYZER_NONNULL = YES;
				CLANG_ANALYZER_NUMBER_OBJECT_CONVERSION = YES_AGGRESSIVE;
				CLANG_CXX_LANGUAGE_STANDARD = "gnu++14";
				CLANG_CXX_LIBRARY = "libc++";
				CLANG_ENABLE_MODULES = YES;
				CLANG_ENABLE_OBJC_ARC = YES;
				CLANG_WARN_BLOCK_CAPTURE_AUTORELEASING = YES;
				CLANG_WARN_BOOL_CONVERSION = YES;
				CLANG_WARN_COMMA = YES;
				CLANG_WARN_CONSTANT_CONVERSION = YES;
				CLANG_WARN_DIRECT_OBJC_ISA_USAGE = YES_ERROR;
				CLANG_WARN_DOCUMENTATION_COMMENTS = YES;
				CLANG_WARN_EMPTY_BODY = YES;
				CLANG_WARN_ENUM_CONVERSION = YES;
				CLANG_WARN_INFINITE_RECURSION = YES;
				CLANG_WARN_INT_CONVERSION = YES;
				CLANG_WARN_NON_LITERAL_NULL_CONVERSION = YES;
				CLANG_WARN_OBJC_LITERAL_CONVERSION = YES;
				CLANG_WARN_OBJC_ROOT_CLASS = YES_ERROR;
				CLANG_WARN_RANGE_LOOP_ANALYSIS = YES;
				CLANG_WARN_STRICT_PROTOTYPES = YES;
				CLANG_WARN_SUSPICIOUS_MOVE = YES;
				CLANG_WARN_UNGUARDED_AVAILABILITY = YES_AGGRESSIVE;
				CLANG_WARN_UNREACHABLE_CODE = YES;
				CLANG_WARN__DUPLICATE_METHOD_MATCH = YES;
				CODE_SIGN_IDENTITY = "iPhone Developer";
				COPY_PHASE_STRIP = NO;
				DEBUG_INFORMATION_FORMAT = "dwarf-with-dsym";
				ENABLE_NS_ASSERTIONS = NO;
				ENABLE_STRICT_OBJC_MSGSEND = YES;
				GCC_C_LANGUAGE_STANDARD = gnu11;
				GCC_NO_COMMON_BLOCKS = YES;
				GCC_WARN_64_TO_32_BIT_CONVERSION = YES;
				GCC_WARN_ABOUT_RETURN_TYPE = YES_ERROR;
				GCC_WARN_UNDECLARED_SELECTOR = YES;
				GCC_WARN_UNINITIALIZED_AUTOS = YES_AGGRESSIVE;
				GCC_WARN_UNUSED_FUNCTION = YES;
				GCC_WARN_UNUSED_VARIABLE = YES;
				IPHONEOS_DEPLOYMENT_TARGET = 11.2;
				MTL_ENABLE_DEBUG_INFO = NO;
				SDKROOT = iphoneos;
				SWIFT_OPTIMIZATION_LEVEL = "-Owholemodule";
				VALIDATE_PRODUCT = YES;
			};
			name = Release;
		};
		EA143028203B0E57008D57CE /* Debug */ = {
			isa = XCBuildConfiguration;
			buildSettings = {
				ASSETCATALOG_COMPILER_APPICON_NAME = AppIcon;
				CODE_SIGN_STYLE = Automatic;
				DEVELOPMENT_TEAM = 6VA2MCZ893;
				INFOPLIST_FILE = Manager/Info.plist;
				LD_RUNPATH_SEARCH_PATHS = "$(inherited) @executable_path/Frameworks";
				PRODUCT_BUNDLE_IDENTIFIER = com.TONY.Manager;
				PRODUCT_NAME = "$(TARGET_NAME)";
				SWIFT_VERSION = 4.0;
				TARGETED_DEVICE_FAMILY = "1,2";
			};
			name = Debug;
		};
		EA143029203B0E57008D57CE /* Release */ = {
			isa = XCBuildConfiguration;
			buildSettings = {
				ASSETCATALOG_COMPILER_APPICON_NAME = AppIcon;
				CODE_SIGN_STYLE = Automatic;
				DEVELOPMENT_TEAM = 6VA2MCZ893;
				INFOPLIST_FILE = Manager/Info.plist;
				LD_RUNPATH_SEARCH_PATHS = "$(inherited) @executable_path/Frameworks";
				PRODUCT_BUNDLE_IDENTIFIER = com.TONY.Manager;
				PRODUCT_NAME = "$(TARGET_NAME)";
				SWIFT_VERSION = 4.0;
				TARGETED_DEVICE_FAMILY = "1,2";
			};
			name = Release;
		};
/* End XCBuildConfiguration section */

/* Begin XCConfigurationList section */
		EA14300D203B0E57008D57CE /* Build configuration list for PBXProject "Manager" */ = {
			isa = XCConfigurationList;
			buildConfigurations = (
				EA143025203B0E57008D57CE /* Debug */,
				EA143026203B0E57008D57CE /* Release */,
			);
			defaultConfigurationIsVisible = 0;
			defaultConfigurationName = Release;
		};
		EA143027203B0E57008D57CE /* Build configuration list for PBXNativeTarget "Manager" */ = {
			isa = XCConfigurationList;
			buildConfigurations = (
				EA143028203B0E57008D57CE /* Debug */,
				EA143029203B0E57008D57CE /* Release */,
			);
			defaultConfigurationIsVisible = 0;
			defaultConfigurationName = Release;
		};
/* End XCConfigurationList section */

/* Begin XCVersionGroup section */
		EA14301C203B0E57008D57CE /* Manager.xcdatamodeld */ = {
			isa = XCVersionGroup;
			children = (
				EA14301D203B0E57008D57CE /* Manager.xcdatamodel */,
			);
			currentVersion = EA14301D203B0E57008D57CE /* Manager.xcdatamodel */;
			path = Manager.xcdatamodeld;
			sourceTree = "<group>";
			versionGroupType = wrapper.xcdatamodel;
		};
/* End XCVersionGroup section */
	};
	rootObject = EA14300A203B0E57008D57CE /* Project object */;
}
